%{"bunt": {:hex, :bunt, "0.1.4"},
  "credo": {:hex, :credo, "0.3.1"},
  "earmark": {:hex, :earmark, "0.2.1"},
  "ex_doc": {:hex, :ex_doc, "0.11.4"},
  "fs": {:hex, :fs, "0.9.2"},
  "inch_ex": {:hex, :inch_ex, "0.5.1"},
  "mix_test_watch": {:hex, :mix_test_watch, "0.2.4"},
  "poison": {:hex, :poison, "2.1.0"}}
